
Microsoft Visual Studio Solution File, Format Version 12.00
# Visual Studio Version 16
VisualStudioVersion = 16.0.31702.278
MinimumVisualStudioVersion = 10.0.40219.1
Project("{FAE04EC0-301F-11D3-BF4B-00C04F79EFBC}") = "data_chart", "data_chart.csproj", "{69ABB4EC-4D80-4742-8104-ACBA8CED483D}"
EndProject
Global
	GlobalSection(SolutionConfigurationPlatforms) = preSolution
		Debug|Any CPU = Debug|Any CPU
		Release|Any CPU = Release|Any CPU
	EndGlobalSection
	GlobalSection(ProjectConfigurationPlatforms) = postSolution
		{69ABB4EC-4D80-4742-8104-ACBA8CED483D}.Debug|Any CPU.ActiveCfg = Debug|Any CPU
		{69ABB4EC-4D80-4742-8104-ACBA8CED483D}.Debug|Any CPU.Build.0 = Debug|Any CPU
		{69ABB4EC-4D80-4742-8104-ACBA8CED483D}.Release|Any CPU.ActiveCfg = Release|Any CPU
		{69ABB4EC-4D80-4742-8104-ACBA8CED483D}.Release|Any CPU.Build.0 = Release|Any CPU
	EndGlobalSection
	GlobalSection(SolutionProperties) = preSolution
		HideSolutionNode = FALSE
	EndGlobalSection
	GlobalSection(ExtensibilityGlobals) = postSolution
		SolutionGuid = {48BD66AB-6507-4112-8963-6A848D6C3B14}
	EndGlobalSection
EndGlobal
